
Microsoft Visual Studio Solution File, Format Version 12.00
# Visual Studio Version 17
VisualStudioVersion = 17.11.35312.102
MinimumVisualStudioVersion = 10.0.40219.1
Project("{FAE04EC0-301F-11D3-BF4B-00C04F79EFBC}") = "Braimp.Application", "Braimp.Application\Braimp.Application.csproj", "{D8B2BD48-54B8-4654-8A11-C7F97BFCF434}"
EndProject
Project("{FAE04EC0-301F-11D3-BF4B-00C04F79EFBC}") = "Braimp.WebApi", "Braimp.WebApi\Braimp.WebApi.csproj", "{02E5ED04-7575-4136-B89A-87A2BAFE5582}"
EndProject
Project("{FAE04EC0-301F-11D3-BF4B-00C04F79EFBC}") = "Braimp.Infrastructure", "Braimp.Persistence\Braimp.Infrastructure.csproj", "{E36F8685-349A-4694-9C3D-2324D61D675B}"
EndProject
Project("{FAE04EC0-301F-11D3-BF4B-00C04F79EFBC}") = "Braimp.Domain", "Braimp.Domain\Braimp.Domain.csproj", "{E725733A-91B7-449B-BBBE-52F2BF633258}"
EndProject
Project("{FAE04EC0-301F-11D3-BF4B-00C04F79EFBC}") = "Braimp.Tests", "Braimp.Tests\Braimp.Tests.csproj", "{14F9E74A-31F0-4B08-88CB-97EFB4FF2225}"
EndProject
Global
	GlobalSection(SolutionConfigurationPlatforms) = preSolution
		Debug|Any CPU = Debug|Any CPU
		Release|Any CPU = Release|Any CPU
	EndGlobalSection
	GlobalSection(ProjectConfigurationPlatforms) = postSolution
		{D8B2BD48-54B8-4654-8A11-C7F97BFCF434}.Debug|Any CPU.ActiveCfg = Debug|Any CPU
		{D8B2BD48-54B8-4654-8A11-C7F97BFCF434}.Debug|Any CPU.Build.0 = Debug|Any CPU
		{D8B2BD48-54B8-4654-8A11-C7F97BFCF434}.Release|Any CPU.ActiveCfg = Release|Any CPU
		{D8B2BD48-54B8-4654-8A11-C7F97BFCF434}.Release|Any CPU.Build.0 = Release|Any CPU
		{02E5ED04-7575-4136-B89A-87A2BAFE5582}.Debug|Any CPU.ActiveCfg = Debug|Any CPU
		{02E5ED04-7575-4136-B89A-87A2BAFE5582}.Debug|Any CPU.Build.0 = Debug|Any CPU
		{02E5ED04-7575-4136-B89A-87A2BAFE5582}.Release|Any CPU.ActiveCfg = Release|Any CPU
		{02E5ED04-7575-4136-B89A-87A2BAFE5582}.Release|Any CPU.Build.0 = Release|Any CPU
		{E36F8685-349A-4694-9C3D-2324D61D675B}.Debug|Any CPU.ActiveCfg = Debug|Any CPU
		{E36F8685-349A-4694-9C3D-2324D61D675B}.Debug|Any CPU.Build.0 = Debug|Any CPU
		{E36F8685-349A-4694-9C3D-2324D61D675B}.Release|Any CPU.ActiveCfg = Release|Any CPU
		{E36F8685-349A-4694-9C3D-2324D61D675B}.Release|Any CPU.Build.0 = Release|Any CPU
		{E725733A-91B7-449B-BBBE-52F2BF633258}.Debug|Any CPU.ActiveCfg = Debug|Any CPU
		{E725733A-91B7-449B-BBBE-52F2BF633258}.Debug|Any CPU.Build.0 = Debug|Any CPU
		{E725733A-91B7-449B-BBBE-52F2BF633258}.Release|Any CPU.ActiveCfg = Release|Any CPU
		{E725733A-91B7-449B-BBBE-52F2BF633258}.Release|Any CPU.Build.0 = Release|Any CPU
		{14F9E74A-31F0-4B08-88CB-97EFB4FF2225}.Debug|Any CPU.ActiveCfg = Debug|Any CPU
		{14F9E74A-31F0-4B08-88CB-97EFB4FF2225}.Debug|Any CPU.Build.0 = Debug|Any CPU
		{14F9E74A-31F0-4B08-88CB-97EFB4FF2225}.Release|Any CPU.ActiveCfg = Release|Any CPU
		{14F9E74A-31F0-4B08-88CB-97EFB4FF2225}.Release|Any CPU.Build.0 = Release|Any CPU
	EndGlobalSection
	GlobalSection(SolutionProperties) = preSolution
		HideSolutionNode = FALSE
	EndGlobalSection
	GlobalSection(ExtensibilityGlobals) = postSolution
		SolutionGuid = {A3EE3F45-7593-4FAE-A942-DBA387BAF9D5}
	EndGlobalSection
EndGlobal
